{
  "nodes": {
    "claude-code": {
      "inputs": {
        "flake-utils": "flake-utils",
        "nixpkgs": "nixpkgs"
      },
      "locked": {
        "lastModified": 1767832880,
        "narHash": "sha256-zYzsW35oiTFwJtd9o9yi17p5WfRfsjwQmM64o5rCAmc=",
        "owner": "sadjow",
        "repo": "claude-code-nix",
        "rev": "08c857d3f5ecbf16b8de8c7d6b83d277a064a406",
        "type": "github"
      },
      "original": {
        "owner": "sadjow",
        "repo": "claude-code-nix",
        "rev": "08c857d3f5ecbf16b8de8c7d6b83d277a064a406",
        "type": "github"
      }
    },
    "codex": {
      "inputs": {
        "flake-utils": "flake-utils_2",
        "nixpkgs": "nixpkgs_2"
      },
      "locked": {
        "lastModified": 1774566674,
        "narHash": "sha256-UVHUY9jHiFj9jqY3KH28OThDEX4JUeEEWIUE+3VFJVI=",
        "owner": "sadjow",
        "repo": "codex-cli-nix",
        "rev": "d43a70bd123e49cb862ee36d0e3ab2ed550308df",
        "type": "github"
      },
      "original": {
        "owner": "sadjow",
        "repo": "codex-cli-nix",
        "rev": "d43a70bd123e49cb862ee36d0e3ab2ed550308df",
        "type": "github"
      }
    },
    "crane": {
      "locked": {
        "lastModified": 1767461147,
        "narHash": "sha256-TH/xTeq/RI+DOzo+c+4F431eVuBpYVwQwBxzURe7kcI=",
        "owner": "ipetkov",
        "repo": "crane",
        "rev": "7d59256814085fd9666a2ae3e774dc5ee216b630",
        "type": "github"
      },
      "original": {
        "owner": "ipetkov",
        "repo": "crane",
        "type": "github"
      }
    },
    "fenix": {
      "inputs": {
        "nixpkgs": [
          "typst",
          "nixpkgs"
        ],
        "rust-analyzer-src": "rust-analyzer-src"
      },
      "locked": {
        "lastModified": 1767596244,
        "narHash": "sha256-P4NRZUjYbeuzv4hGrXxfdg0QpdGVoeNn0CMmzIyr398=",
        "owner": "nix-community",
        "repo": "fenix",
        "rev": "eedfb5a27900e82ec0390acc83d4d226ce86e714",
        "type": "github"
      },
      "original": {
        "owner": "nix-community",
        "repo": "fenix",
        "type": "github"
      }
    },
    "flake-compat": {
      "flake": false,
      "locked": {
        "lastModified": 1767039857,
        "narHash": "sha256-vNpUSpF5Nuw8xvDLj2KCwwksIbjua2LZCqhV1LNRDns=",
        "owner": "NixOS",
        "repo": "flake-compat",
        "rev": "5edf11c44bc78a0d334f6334cdaf7d60d732daab",
        "type": "github"
      },
      "original": {
        "owner": "NixOS",
        "repo": "flake-compat",
        "type": "github"
      }
    },
    "flake-parts": {
      "inputs": {
        "nixpkgs-lib": "nixpkgs-lib"
      },
      "locked": {
        "lastModified": 1767609335,
        "narHash": "sha256-feveD98mQpptwrAEggBQKJTYbvwwglSbOv53uCfH9PY=",
        "owner": "hercules-ci",
        "repo": "flake-parts",
        "rev": "250481aafeb741edfe23d29195671c19b36b6dca",
        "type": "github"
      },
      "original": {
        "owner": "hercules-ci",
        "repo": "flake-parts",
        "type": "github"
      }
    },
    "flake-utils": {
      "inputs": {
        "systems": "systems"
      },
      "locked": {
        "lastModified": 1731533236,
        "narHash": "sha256-l0KFg5HjrsfsO/JpG+r7fRrqm12kzFHyUHqHCVpMMbI=",
        "owner": "numtide",
        "repo": "flake-utils",
        "rev": "11707dc2f618dd54ca8739b309ec4fc024de578b",
        "type": "github"
      },
      "original": {
        "owner": "numtide",
        "repo": "flake-utils",
        "type": "github"
      }
    },
    "flake-utils_2": {
      "inputs": {
        "systems": "systems_2"
      },
      "locked": {
        "lastModified": 1731533236,
        "narHash": "sha256-l0KFg5HjrsfsO/JpG+r7fRrqm12kzFHyUHqHCVpMMbI=",
        "owner": "numtide",
        "repo": "flake-utils",
        "rev": "11707dc2f618dd54ca8739b309ec4fc024de578b",
        "type": "github"
      },
      "original": {
        "owner": "numtide",
        "repo": "flake-utils",
        "type": "github"
      }
    },
    "flake-utils_3": {
      "inputs": {
        "systems": "systems_3"
      },
      "locked": {
        "lastModified": 1731533236,
        "narHash": "sha256-l0KFg5HjrsfsO/JpG+r7fRrqm12kzFHyUHqHCVpMMbI=",
        "owner": "numtide",
        "repo": "flake-utils",
        "rev": "11707dc2f618dd54ca8739b309ec4fc024de578b",
        "type": "github"
      },
      "original": {
        "owner": "numtide",
        "repo": "flake-utils",
        "type": "github"
      }
    },
    "flake-utils_4": {
      "inputs": {
        "systems": "systems_4"
      },
      "locked": {
        "lastModified": 1731533236,
        "narHash": "sha256-l0KFg5HjrsfsO/JpG+r7fRrqm12kzFHyUHqHCVpMMbI=",
        "owner": "numtide",
        "repo": "flake-utils",
        "rev": "11707dc2f618dd54ca8739b309ec4fc024de578b",
        "type": "github"
      },
      "original": {
        "owner": "numtide",
        "repo": "flake-utils",
        "type": "github"
      }
    },
    "git-xet": {
      "inputs": {
        "flake-utils": "flake-utils_3",
        "nixpkgs": "nixpkgs_3"
      },
      "locked": {
        "lastModified": 1770973302,
        "narHash": "sha256-dLqr4GH3nuba+iAOzPCVAuoOAXTOKPtIIEaLKhox60Y=",
        "owner": "mert-kurttutan",
        "repo": "git-xet-nix",
        "rev": "ec6a058462112b08cf7ba60d4e193b15be42dd48",
        "type": "github"
      },
      "original": {
        "owner": "mert-kurttutan",
        "repo": "git-xet-nix",
        "type": "github"
      }
    },
    "home-manager": {
      "inputs": {
        "nixpkgs": [
          "nixpkgs"
        ]
      },
      "locked": {
        "lastModified": 1774738535,
        "narHash": "sha256-2jfBEZUC67IlnxO5KItFCAd7Oc+1TvyV/jQlR+2ykGQ=",
        "owner": "nix-community",
        "repo": "home-manager",
        "rev": "769e07ef8f4cf7b1ec3b96ef015abec9bc6b1e2a",
        "type": "github"
      },
      "original": {
        "owner": "nix-community",
        "ref": "master",
        "repo": "home-manager",
        "type": "github"
      }
    },
    "nixpkgs": {
      "locked": {
        "lastModified": 1767364772,
        "narHash": "sha256-fFUnEYMla8b7UKjijLnMe+oVFOz6HjijGGNS1l7dYaQ=",
        "owner": "NixOS",
        "repo": "nixpkgs",
        "rev": "16c7794d0a28b5a37904d55bcca36003b9109aaa",
        "type": "github"
      },
      "original": {
        "owner": "NixOS",
        "ref": "nixpkgs-unstable",
        "repo": "nixpkgs",
        "type": "github"
      }
    },
    "nixpkgs-lib": {
      "locked": {
        "lastModified": 1765674936,
        "narHash": "sha256-k00uTP4JNfmejrCLJOwdObYC9jHRrr/5M/a/8L2EIdo=",
        "owner": "nix-community",
        "repo": "nixpkgs.lib",
        "rev": "2075416fcb47225d9b68ac469a5c4801a9c4dd85",
        "type": "github"
      },
      "original": {
        "owner": "nix-community",
        "repo": "nixpkgs.lib",
        "type": "github"
      }
    },
    "nixpkgs_2": {
      "locked": {
        "lastModified": 1774273680,
        "narHash": "sha256-a++tZ1RQsDb1I0NHrFwdGuRlR5TORvCEUksM459wKUA=",
        "owner": "NixOS",
        "repo": "nixpkgs",
        "rev": "fdc7b8f7b30fdbedec91b71ed82f36e1637483ed",
        "type": "github"
      },
      "original": {
        "owner": "NixOS",
        "ref": "nixpkgs-unstable",
        "repo": "nixpkgs",
        "type": "github"
      }
    },
    "nixpkgs_3": {
      "locked": {
        "lastModified": 1770843696,
        "narHash": "sha256-LovWTGDwXhkfCOmbgLVA10bvsi/P8eDDpRudgk68HA8=",
        "owner": "NixOS",
        "repo": "nixpkgs",
        "rev": "2343bbb58f99267223bc2aac4fc9ea301a155a16",
        "type": "github"
      },
      "original": {
        "owner": "NixOS",
        "ref": "nixpkgs-unstable",
        "repo": "nixpkgs",
        "type": "github"
      }
    },
    "nixpkgs_4": {
      "locked": {
        "lastModified": 1774386573,
        "narHash": "sha256-4hAV26quOxdC6iyG7kYaZcM3VOskcPUrdCQd/nx8obc=",
        "owner": "nixos",
        "repo": "nixpkgs",
        "rev": "46db2e09e1d3f113a13c0d7b81e2f221c63b8ce9",
        "type": "github"
      },
      "original": {
        "owner": "nixos",
        "ref": "nixos-unstable",
        "repo": "nixpkgs",
        "type": "github"
      }
    },
    "nixpkgs_5": {
      "locked": {
        "lastModified": 1774273680,
        "narHash": "sha256-a++tZ1RQsDb1I0NHrFwdGuRlR5TORvCEUksM459wKUA=",
        "owner": "NixOS",
        "repo": "nixpkgs",
        "rev": "fdc7b8f7b30fdbedec91b71ed82f36e1637483ed",
        "type": "github"
      },
      "original": {
        "owner": "NixOS",
        "ref": "nixpkgs-unstable",
        "repo": "nixpkgs",
        "type": "github"
      }
    },
    "root": {
      "inputs": {
        "claude-code": "claude-code",
        "codex": "codex",
        "git-xet": "git-xet",
        "home-manager": "home-manager",
        "nixpkgs": "nixpkgs_4",
        "typst": "typst",
        "zed": "zed"
      }
    },
    "rust-analyzer-src": {
      "flake": false,
      "locked": {
        "lastModified": 1767551763,
        "narHash": "sha256-lcA/e3++3aZQSj6xCsBi2VpYyC3Q+oO/oukgfHiL+Ts=",
        "owner": "rust-lang",
        "repo": "rust-analyzer",
        "rev": "6a1246b69ca761480b9278df019f717b549cface",
        "type": "github"
      },
      "original": {
        "owner": "rust-lang",
        "ref": "nightly",
        "repo": "rust-analyzer",
        "type": "github"
      }
    },
    "rust-manifest": {
      "flake": false,
      "locked": {
        "narHash": "sha256-Mrw0LDR4i/CDGhDZ10IUTGkFow/+yIJGeBKMIWi/nqg=",
        "type": "file",
        "url": "https://static.rust-lang.org/dist/channel-rust-1.91.0.toml"
      },
      "original": {
        "type": "file",
        "url": "https://static.rust-lang.org/dist/channel-rust-1.91.0.toml"
      }
    },
    "systems": {
      "locked": {
        "lastModified": 1681028828,
        "narHash": "sha256-Vy1rq5AaRuLzOxct8nz4T6wlgyUR7zLU309k9mBC768=",
        "owner": "nix-systems",
        "repo": "default",
        "rev": "da67096a3b9bf56a91d16901293e51ba5b49a27e",
        "type": "github"
      },
      "original": {
        "owner": "nix-systems",
        "repo": "default",
        "type": "github"
      }
    },
    "systems_2": {
      "locked": {
        "lastModified": 1681028828,
        "narHash": "sha256-Vy1rq5AaRuLzOxct8nz4T6wlgyUR7zLU309k9mBC768=",
        "owner": "nix-systems",
        "repo": "default",
        "rev": "da67096a3b9bf56a91d16901293e51ba5b49a27e",
        "type": "github"
      },
      "original": {
        "owner": "nix-systems",
        "repo": "default",
        "type": "github"
      }
    },
    "systems_3": {
      "locked": {
        "lastModified": 1681028828,
        "narHash": "sha256-Vy1rq5AaRuLzOxct8nz4T6wlgyUR7zLU309k9mBC768=",
        "owner": "nix-systems",
        "repo": "default",
        "rev": "da67096a3b9bf56a91d16901293e51ba5b49a27e",
        "type": "github"
      },
      "original": {
        "owner": "nix-systems",
        "repo": "default",
        "type": "github"
      }
    },
    "systems_4": {
      "locked": {
        "lastModified": 1681028828,
        "narHash": "sha256-Vy1rq5AaRuLzOxct8nz4T6wlgyUR7zLU309k9mBC768=",
        "owner": "nix-systems",
        "repo": "default",
        "rev": "da67096a3b9bf56a91d16901293e51ba5b49a27e",
        "type": "github"
      },
      "original": {
        "owner": "nix-systems",
        "repo": "default",
        "type": "github"
      }
    },
    "typst": {
      "inputs": {
        "crane": "crane",
        "fenix": "fenix",
        "flake-compat": "flake-compat",
        "flake-parts": "flake-parts",
        "nixpkgs": [
          "nixpkgs"
        ],
        "rust-manifest": "rust-manifest",
        "typst": "typst_2"
      },
      "locked": {
        "lastModified": 1773221749,
        "narHash": "sha256-QMSQgg6yGOdqu29FdaothiJeed6bHjXdijdohu6SiDM=",
        "owner": "typst",
        "repo": "typst-flake",
        "rev": "a9422ef705657e06d7964f60ef51973b7c3cbaae",
        "type": "github"
      },
      "original": {
        "owner": "typst",
        "repo": "typst-flake",
        "type": "github"
      }
    },
    "typst_2": {
      "flake": false,
      "locked": {
        "lastModified": 1765535432,
        "narHash": "sha256-KCNFCl7vFWHGmQPrie1BoncQtu5G/rN5qf45jPiYrT4=",
        "owner": "typst",
        "repo": "typst",
        "rev": "b33de9de113c91c184214b299bd7a8eb3070c3ab",
        "type": "github"
      },
      "original": {
        "owner": "typst",
        "ref": "0.14",
        "repo": "typst",
        "type": "github"
      }
    },
    "zed": {
      "inputs": {
        "flake-utils": "flake-utils_4",
        "nixpkgs": "nixpkgs_5"
      },
      "locked": {
        "lastModified": 1774456217,
        "narHash": "sha256-00+W2TAM0RT3SkMicooqyWc1LKuODZjn4aRwRg/tYtw=",
        "owner": "mert-kurttutan",
        "repo": "zed-nix",
        "rev": "23023d81246b15c5d436c7ce6cec757028ff397b",
        "type": "github"
      },
      "original": {
        "owner": "mert-kurttutan",
        "repo": "zed-nix",
        "type": "github"
      }
    }
  },
  "root": "root",
  "version": 7
}
