{
  "nodes": {
    "cecc-linux": {
      "inputs": {
        "flake-utils": "flake-utils",
        "nixpkgs": "nixpkgs"
      },
      "locked": {
        "lastModified": 1789031834,
        "narHash": "sha256-y8enmUWyr+pkqEZvxB7Fu777CH4NoPeiTkrJO3CubPY=",
        "owner": "mert-kurttutan",
        "repo": "cecc-linux-nix",
        "rev": "d05a407539c6e350e6cbc46f92060c1fe54f3517",
        "type": "github"
      },
      "original": {
        "owner": "mert-kurttutan",
        "repo": "cecc-linux-nix",
        "type": "github"
      }
    },
    "codex": {
      "inputs": {
        "flake-utils": "flake-utils_2",
        "nixpkgs": [
          "common",
          "nixpkgs"
        ]
      },
      "locked": {
        "lastModified": 1789062001,
        "narHash": "sha256-H2nr5DxnJlXVaO0wtUdaZJUYhb9lqPfpZwjNylVgWug=",
        "owner": "mert-kurttutan",
        "repo": "codex-cli-nix",
        "rev": "86e72849642924415cb858dce3d4fc1daa88f0e9",
        "type": "github"
      },
      "original": {
        "owner": "mert-kurttutan",
        "ref": "use-zstd-assets",
        "repo": "codex-cli-nix",
        "type": "github"
      }
    },
    "common": {
      "inputs": {
        "codex": "codex",
        "nixpkgs": [
          "nixpkgs"
        ]
      },
      "locked": {
        "path": "../common",
        "type": "path"
      },
      "original": {
        "path": "../common",
        "type": "path"
      },
      "parent": []
    },
    "flake-utils": {
      "inputs": {
        "systems": "systems"
      },
      "locked": {
        "lastModified": 1731533236,
        "narHash": "sha256-l0KFg5HjrsfsO/JpG+r7fRrqm12kzFHyUHqHCVpMMbI=",
        "owner": "numtide",
        "repo": "flake-utils",
        "rev": "11707dc2f618dd54ca8739b309ec4fc024de578b",
        "type": "github"
      },
      "original": {
        "owner": "numtide",
        "repo": "flake-utils",
        "type": "github"
      }
    },
    "flake-utils_2": {
      "inputs": {
        "systems": "systems_2"
      },
      "locked": {
        "lastModified": 1731533236,
        "narHash": "sha256-l0KFg5HjrsfsO/JpG+r7fRrqm12kzFHyUHqHCVpMMbI=",
        "owner": "numtide",
        "repo": "flake-utils",
        "rev": "11707dc2f618dd54ca8739b309ec4fc024de578b",
        "type": "github"
      },
      "original": {
        "owner": "numtide",
        "repo": "flake-utils",
        "type": "github"
      }
    },
    "flake-utils_3": {
      "inputs": {
        "systems": "systems_3"
      },
      "locked": {
        "lastModified": 1731533236,
        "narHash": "sha256-l0KFg5HjrsfsO/JpG+r7fRrqm12kzFHyUHqHCVpMMbI=",
        "owner": "numtide",
        "repo": "flake-utils",
        "rev": "11707dc2f618dd54ca8739b309ec4fc024de578b",
        "type": "github"
      },
      "original": {
        "owner": "numtide",
        "repo": "flake-utils",
        "type": "github"
      }
    },
    "flake-utils_4": {
      "inputs": {
        "systems": "systems_4"
      },
      "locked": {
        "lastModified": 1731533236,
        "narHash": "sha256-l0KFg5HjrsfsO/JpG+r7fRrqm12kzFHyUHqHCVpMMbI=",
        "owner": "numtide",
        "repo": "flake-utils",
        "rev": "11707dc2f618dd54ca8739b309ec4fc024de578b",
        "type": "github"
      },
      "original": {
        "owner": "numtide",
        "repo": "flake-utils",
        "type": "github"
      }
    },
    "flake-utils_5": {
      "inputs": {
        "systems": "systems_5"
      },
      "locked": {
        "lastModified": 1731533236,
        "narHash": "sha256-l0KFg5HjrsfsO/JpG+r7fRrqm12kzFHyUHqHCVpMMbI=",
        "owner": "numtide",
        "repo": "flake-utils",
        "rev": "11707dc2f618dd54ca8739b309ec4fc024de578b",
        "type": "github"
      },
      "original": {
        "owner": "numtide",
        "repo": "flake-utils",
        "type": "github"
      }
    },
    "git-xet": {
      "inputs": {
        "flake-utils": "flake-utils_3",
        "nixpkgs": "nixpkgs_2"
      },
      "locked": {
        "lastModified": 1770973302,
        "narHash": "sha256-dLqr4GH3nuba+iAOzPCVAuoOAXTOKPtIIEaLKhox60Y=",
        "owner": "mert-kurttutan",
        "repo": "git-xet-nix",
        "rev": "ec6a058462112b08cf7ba60d4e193b15be42dd48",
        "type": "github"
      },
      "original": {
        "owner": "mert-kurttutan",
        "repo": "git-xet-nix",
        "type": "github"
      }
    },
    "home-manager": {
      "inputs": {
        "nixpkgs": [
          "nixpkgs"
        ]
      },
      "locked": {
        "lastModified": 1789047607,
        "narHash": "sha256-TvkqeCjWyQvQs7jZ/2WcOWF1GMSgKtAP3qrw7eKpp1k=",
        "owner": "nix-community",
        "repo": "home-manager",
        "rev": "f7f333f04ff6e2f94f955642a1b4956d4fcd3010",
        "type": "github"
      },
      "original": {
        "owner": "nix-community",
        "ref": "master",
        "repo": "home-manager",
        "type": "github"
      }
    },
    "nixpkgs": {
      "locked": {
        "lastModified": 1789006805,
        "narHash": "sha256-q+GdZ3yq4Y2LXHRK0vKTM32Hwy7RCgUgy+hjwZLI5pY=",
        "rev": "8ce4ef6cb6f871616146b9fe26d2a5ae594e94fe",
        "type": "tarball",
        "url": "https://releases.nixos.org/nixos/unstable/nixos-26.11pre1070770.8ce4ef6cb6f8/nixexprs.tar.zst"
      },
      "original": {
        "type": "tarball",
        "url": "https://channels.nixos.org/nixos-unstable/nixexprs.tar.zst"
      }
    },
    "nixpkgs_2": {
      "locked": {
        "lastModified": 1770843696,
        "narHash": "sha256-LovWTGDwXhkfCOmbgLVA10bvsi/P8eDDpRudgk68HA8=",
        "owner": "NixOS",
        "repo": "nixpkgs",
        "rev": "2343bbb58f99267223bc2aac4fc9ea301a155a16",
        "type": "github"
      },
      "original": {
        "owner": "NixOS",
        "ref": "nixpkgs-unstable",
        "repo": "nixpkgs",
        "type": "github"
      }
    },
    "nixpkgs_3": {
      "locked": {
        "lastModified": 1789006805,
        "narHash": "sha256-q+GdZ3yq4Y2LXHRK0vKTM32Hwy7RCgUgy+hjwZLI5pY=",
        "rev": "8ce4ef6cb6f871616146b9fe26d2a5ae594e94fe",
        "type": "tarball",
        "url": "https://releases.nixos.org/nixos/unstable/nixos-26.11pre1070770.8ce4ef6cb6f8/nixexprs.tar.zst"
      },
      "original": {
        "type": "tarball",
        "url": "https://channels.nixos.org/nixos-unstable/nixexprs.tar.zst"
      }
    },
    "nixpkgs_4": {
      "locked": {
        "lastModified": 1789006805,
        "narHash": "sha256-q+GdZ3yq4Y2LXHRK0vKTM32Hwy7RCgUgy+hjwZLI5pY=",
        "rev": "8ce4ef6cb6f871616146b9fe26d2a5ae594e94fe",
        "type": "tarball",
        "url": "https://releases.nixos.org/nixos/unstable/nixos-26.11pre1070770.8ce4ef6cb6f8/nixexprs.tar.zst"
      },
      "original": {
        "type": "tarball",
        "url": "https://channels.nixos.org/nixos-unstable/nixexprs.tar.zst"
      }
    },
    "root": {
      "inputs": {
        "cecc-linux": "cecc-linux",
        "common": "common",
        "git-xet": "git-xet",
        "home-manager": "home-manager",
        "nixpkgs": "nixpkgs_3",
        "typst": "typst",
        "zed": "zed"
      }
    },
    "systems": {
      "locked": {
        "lastModified": 1681028828,
        "narHash": "sha256-Vy1rq5AaRuLzOxct8nz4T6wlgyUR7zLU309k9mBC768=",
        "owner": "nix-systems",
        "repo": "default",
        "rev": "da67096a3b9bf56a91d16901293e51ba5b49a27e",
        "type": "github"
      },
      "original": {
        "owner": "nix-systems",
        "repo": "default",
        "type": "github"
      }
    },
    "systems_2": {
      "locked": {
        "lastModified": 1681028828,
        "narHash": "sha256-Vy1rq5AaRuLzOxct8nz4T6wlgyUR7zLU309k9mBC768=",
        "owner": "nix-systems",
        "repo": "default",
        "rev": "da67096a3b9bf56a91d16901293e51ba5b49a27e",
        "type": "github"
      },
      "original": {
        "owner": "nix-systems",
        "repo": "default",
        "type": "github"
      }
    },
    "systems_3": {
      "locked": {
        "lastModified": 1681028828,
        "narHash": "sha256-Vy1rq5AaRuLzOxct8nz4T6wlgyUR7zLU309k9mBC768=",
        "owner": "nix-systems",
        "repo": "default",
        "rev": "da67096a3b9bf56a91d16901293e51ba5b49a27e",
        "type": "github"
      },
      "original": {
        "owner": "nix-systems",
        "repo": "default",
        "type": "github"
      }
    },
    "systems_4": {
      "locked": {
        "lastModified": 1681028828,
        "narHash": "sha256-Vy1rq5AaRuLzOxct8nz4T6wlgyUR7zLU309k9mBC768=",
        "owner": "nix-systems",
        "repo": "default",
        "rev": "da67096a3b9bf56a91d16901293e51ba5b49a27e",
        "type": "github"
      },
      "original": {
        "owner": "nix-systems",
        "repo": "default",
        "type": "github"
      }
    },
    "systems_5": {
      "locked": {
        "lastModified": 1681028828,
        "narHash": "sha256-Vy1rq5AaRuLzOxct8nz4T6wlgyUR7zLU309k9mBC768=",
        "owner": "nix-systems",
        "repo": "default",
        "rev": "da67096a3b9bf56a91d16901293e51ba5b49a27e",
        "type": "github"
      },
      "original": {
        "owner": "nix-systems",
        "repo": "default",
        "type": "github"
      }
    },
    "typst": {
      "inputs": {
        "flake-utils": "flake-utils_4",
        "nixpkgs": [
          "nixpkgs"
        ]
      },
      "locked": {
        "lastModified": 1789032062,
        "narHash": "sha256-xZsuAO5F/movq0vt2mB1wtRLDq37miu0q3z0fi3miq4=",
        "owner": "mert-kurttutan",
        "repo": "typst-nix",
        "rev": "ba5c3551c39a242feaed2e443ade8f4f39fe8de4",
        "type": "github"
      },
      "original": {
        "owner": "mert-kurttutan",
        "repo": "typst-nix",
        "type": "github"
      }
    },
    "zed": {
      "inputs": {
        "flake-utils": "flake-utils_5",
        "nixpkgs": "nixpkgs_4"
      },
      "locked": {
        "lastModified": 1789032216,
        "narHash": "sha256-1YgD0gs7gidBhOmbYyFvPXlAEdrlRtLqdvkq7bE5d0M=",
        "owner": "mert-kurttutan",
        "repo": "zed-nix",
        "rev": "4d62552d2067943d50c5700045d6d5a570202f7f",
        "type": "github"
      },
      "original": {
        "owner": "mert-kurttutan",
        "repo": "zed-nix",
        "type": "github"
      }
    }
  },
  "root": "root",
  "version": 7
}
